
Microsoft Visual Studio Solution File, Format Version 12.00
# Visual Studio Version 17
VisualStudioVersion = 17.5.33424.131
MinimumVisualStudioVersion = 10.0.40219.1
Project("{9A19103F-16F7-4668-BE54-9A1E7A4F7556}") = "Contravariance", "Contravariance\Contravariance.csproj", "{6923F36E-D018-4CC4-A02C-6F8C85391DAB}"
EndProject
Project("{9A19103F-16F7-4668-BE54-9A1E7A4F7556}") = "Covariance", "Covariance\Covariance.csproj", "{1884CA00-2175-456F-8BAE-CB91B3DE7B68}"
EndProject
Global
	GlobalSection(SolutionConfigurationPlatforms) = preSolution
		Debug|Any CPU = Debug|Any CPU
		Release|Any CPU = Release|Any CPU
	EndGlobalSection
	GlobalSection(ProjectConfigurationPlatforms) = postSolution
		{6923F36E-D018-4CC4-A02C-6F8C85391DAB}.Debug|Any CPU.ActiveCfg = Debug|Any CPU
		{6923F36E-D018-4CC4-A02C-6F8C85391DAB}.Debug|Any CPU.Build.0 = Debug|Any CPU
		{6923F36E-D018-4CC4-A02C-6F8C85391DAB}.Release|Any CPU.ActiveCfg = Release|Any CPU
		{6923F36E-D018-4CC4-A02C-6F8C85391DAB}.Release|Any CPU.Build.0 = Release|Any CPU
		{1884CA00-2175-456F-8BAE-CB91B3DE7B68}.Debug|Any CPU.ActiveCfg = Debug|Any CPU
		{1884CA00-2175-456F-8BAE-CB91B3DE7B68}.Debug|Any CPU.Build.0 = Debug|Any CPU
		{1884CA00-2175-456F-8BAE-CB91B3DE7B68}.Release|Any CPU.ActiveCfg = Release|Any CPU
		{1884CA00-2175-456F-8BAE-CB91B3DE7B68}.Release|Any CPU.Build.0 = Release|Any CPU
	EndGlobalSection
	GlobalSection(SolutionProperties) = preSolution
		HideSolutionNode = FALSE
	EndGlobalSection
	GlobalSection(ExtensibilityGlobals) = postSolution
		SolutionGuid = {DAB9FAC6-DA07-4FD7-B0F7-AE74E6BC92A2}
	EndGlobalSection
EndGlobal
